// !$*UTF8*$!
{
	archiveVersion = 1;
	classes = {
	};
	objectVersion = 50;
	objects = {

/* Begin PBXBuildFile section */
		C800E4BC227792E30007B07D /* AppDelegate.swift in Sources */ = {isa = PBXBuildFile; fileRef = C800E4BB227792E30007B07D /* AppDelegate.swift */; };
		C800E4BE227792E30007B07D /* MasterViewController.swift in Sources */ = {isa = PBXBuildFile; fileRef = C800E4BD227792E30007B07D /* MasterViewController.swift */; };
		C800E4C0227792E30007B07D /* DetailViewController.swift in Sources */ = {isa = PBXBuildFile; fileRef = C800E4BF227792E30007B07D /* DetailViewController.swift */; };
		C800E4C3227792E30007B07D /* Main.storyboard in Resources */ = {isa = PBXBuildFile; fileRef = C800E4C1227792E30007B07D /* Main.storyboard */; };
		C800E4C5227792E50007B07D /* Assets.xcassets in Resources */ = {isa = PBXBuildFile; fileRef = C800E4C4227792E50007B07D /* Assets.xcassets */; };
		C800E4C8227792E50007B07D /* LaunchScreen.storyboard in Resources */ = {isa = PBXBuildFile; fileRef = C800E4C6227792E50007B07D /* LaunchScreen.storyboard */; };
		C800E4D3227792E50007B07D /* testMasterDetailTests.swift in Sources */ = {isa = PBXBuildFile; fileRef = C800E4D2227792E50007B07D /* testMasterDetailTests.swift */; };
		C800E4DF227798E10007B07D /* python in Resources */ = {isa = PBXBuildFile; fileRef = C800E4DE227798E10007B07D /* python */; };
/* End PBXBuildFile section */

/* Begin PBXContainerItemProxy section */
		C800E4CF227792E50007B07D /* PBXContainerItemProxy */ = {
			isa = PBXContainerItemProxy;
			containerPortal = C800E4B0227792E30007B07D /* Project object */;
			proxyType = 1;
			remoteGlobalIDString = C800E4B7227792E30007B07D;
			remoteInfo = testMasterDetail;
		};
/* End PBXContainerItemProxy section */

/* Begin PBXFileReference section */
		C800E4B8227792E30007B07D /* testMasterDetail.app */ = {isa = PBXFileReference; explicitFileType = wrapper.application; includeInIndex = 0; path = testMasterDetail.app; sourceTree = BUILT_PRODUCTS_DIR; };
		C800E4BB227792E30007B07D /* AppDelegate.swift */ = {isa = PBXFileReference; lastKnownFileType = sourcecode.swift; path = AppDelegate.swift; sourceTree = "<group>"; };
		C800E4BD227792E30007B07D /* MasterViewController.swift */ = {isa = PBXFileReference; lastKnownFileType = sourcecode.swift; path = MasterViewController.swift; sourceTree = "<group>"; };
		C800E4BF227792E30007B07D /* DetailViewController.swift */ = {isa = PBXFileReference; lastKnownFileType = sourcecode.swift; path = DetailViewController.swift; sourceTree = "<group>"; };
		C800E4C2227792E30007B07D /* Base */ = {isa = PBXFileReference; lastKnownFileType = file.storyboard; name = Base; path = Base.lproj/Main.storyboard; sourceTree = "<group>"; };
		C800E4C4227792E50007B07D /* Assets.xcassets */ = {isa = PBXFileReference; lastKnownFileType = folder.assetcatalog; path = Assets.xcassets; sourceTree = "<group>"; };
		C800E4C7227792E50007B07D /* Base */ = {isa = PBXFileReference; lastKnownFileType = file.storyboard; name = Base; path = Base.lproj/LaunchScreen.storyboard; sourceTree = "<group>"; };
		C800E4C9227792E50007B07D /* Info.plist */ = {isa = PBXFileReference; lastKnownFileType = text.plist.xml; path = Info.plist; sourceTree = "<group>"; };
		C800E4CE227792E50007B07D /* testMasterDetailTests.xctest */ = {isa = PBXFileReference; explicitFileType = wrapper.cfbundle; includeInIndex = 0; path = testMasterDetailTests.xctest; sourceTree = BUILT_PRODUCTS_DIR; };
		C800E4D2227792E50007B07D /* testMasterDetailTests.swift */ = {isa = PBXFileReference; lastKnownFileType = sourcecode.swift; path = testMasterDetailTests.swift; sourceTree = "<group>"; };
		C800E4D4227792E50007B07D /* Info.plist */ = {isa = PBXFileReference; lastKnownFileType = text.plist.xml; path = Info.plist; sourceTree = "<group>"; };
		C800E4DE227798E10007B07D /* python */ = {isa = PBXFileReference; lastKnownFileType = folder; path = python; sourceTree = "<group>"; };
/* End PBXFileReference section */

/* Begin PBXFrameworksBuildPhase section */
		C800E4B5227792E30007B07D /* Frameworks */ = {
			isa = PBXFrameworksBuildPhase;
			buildActionMask = 2147483647;
			files = (
			);
			runOnlyForDeploymentPostprocessing = 0;
		};
		C800E4CB227792E50007B07D /* Frameworks */ = {
			isa = PBXFrameworksBuildPhase;
			buildActionMask = 2147483647;
			files = (
			);
			runOnlyForDeploymentPostprocessing = 0;
		};
/* End PBXFrameworksBuildPhase section */

/* Begin PBXGroup section */
		C800E4AF227792E30007B07D = {
			isa = PBXGroup;
			children = (
				C800E4DD227798AC0007B07D /* appium */,
				C800E4BA227792E30007B07D /* testMasterDetail */,
				C800E4D1227792E50007B07D /* testMasterDetailTests */,
				C800E4B9227792E30007B07D /* Products */,
			);
			sourceTree = "<group>";
		};
		C800E4B9227792E30007B07D /* Products */ = {
			isa = PBXGroup;
			children = (
				C800E4B8227792E30007B07D /* testMasterDetail.app */,
				C800E4CE227792E50007B07D /* testMasterDetailTests.xctest */,
			);
			name = Products;
			sourceTree = "<group>";
		};
		C800E4BA227792E30007B07D /* testMasterDetail */ = {
			isa = PBXGroup;
			children = (
				C800E4BB227792E30007B07D /* AppDelegate.swift */,
				C800E4BD227792E30007B07D /* MasterViewController.swift */,
				C800E4BF227792E30007B07D /* DetailViewController.swift */,
				C800E4C1227792E30007B07D /* Main.storyboard */,
				C800E4C4227792E50007B07D /* Assets.xcassets */,
				C800E4C6227792E50007B07D /* LaunchScreen.storyboard */,
				C800E4C9227792E50007B07D /* Info.plist */,
			);
			path = testMasterDetail;
			sourceTree = "<group>";
		};
		C800E4D1227792E50007B07D /* testMasterDetailTests */ = {
			isa = PBXGroup;
			children = (
				C800E4D2227792E50007B07D /* testMasterDetailTests.swift */,
				C800E4D4227792E50007B07D /* Info.plist */,
			);
			path = testMasterDetailTests;
			sourceTree = "<group>";
		};
		C800E4DD227798AC0007B07D /* appium */ = {
			isa = PBXGroup;
			children = (
				C800E4DE227798E10007B07D /* python */,
			);
			path = appium;
			sourceTree = "<group>";
		};
/* End PBXGroup section */

/* Begin PBXNativeTarget section */
		C800E4B7227792E30007B07D /* testMasterDetail */ = {
			isa = PBXNativeTarget;
			buildConfigurationList = C800E4D7227792E50007B07D /* Build configuration list for PBXNativeTarget "testMasterDetail" */;
			buildPhases = (
				C800E4B4227792E30007B07D /* Sources */,
				C800E4B5227792E30007B07D /* Frameworks */,
				C800E4B6227792E30007B07D /* Resources */,
			);
			buildRules = (
			);
			dependencies = (
			);
			name = testMasterDetail;
			productName = testMasterDetail;
			productReference = C800E4B8227792E30007B07D /* testMasterDetail.app */;
			productType = "com.apple.product-type.application";
		};
		C800E4CD227792E50007B07D /* testMasterDetailTests */ = {
			isa = PBXNativeTarget;
			buildConfigurationList = C800E4DA227792E50007B07D /* Build configuration list for PBXNativeTarget "testMasterDetailTests" */;
			buildPhases = (
				C800E4CA227792E50007B07D /* Sources */,
				C800E4CB227792E50007B07D /* Frameworks */,
				C800E4CC227792E50007B07D /* Resources */,
			);
			buildRules = (
			);
			dependencies = (
				C800E4D0227792E50007B07D /* PBXTargetDependency */,
			);
			name = testMasterDetailTests;
			productName = testMasterDetailTests;
			productReference = C800E4CE227792E50007B07D /* testMasterDetailTests.xctest */;
			productType = "com.apple.product-type.bundle.unit-test";
		};
/* End PBXNativeTarget section */

/* Begin PBXProject section */
		C800E4B0227792E30007B07D /* Project object */ = {
			isa = PBXProject;
			attributes = {
				LastSwiftUpdateCheck = 1020;
				LastUpgradeCheck = 1020;
				ORGANIZATIONNAME = "Cesar Augusto Tapasco Arias";
				TargetAttributes = {
					C800E4B7227792E30007B07D = {
						CreatedOnToolsVersion = 10.2.1;
					};
					C800E4CD227792E50007B07D = {
						CreatedOnToolsVersion = 10.2.1;
						TestTargetID = C800E4B7227792E30007B07D;
					};
				};
			};
			buildConfigurationList = C800E4B3227792E30007B07D /* Build configuration list for PBXProject "testMasterDetail" */;
			compatibilityVersion = "Xcode 9.3";
			developmentRegion = en;
			hasScannedForEncodings = 0;
			knownRegions = (
				en,
				Base,
			);
			mainGroup = C800E4AF227792E30007B07D;
			productRefGroup = C800E4B9227792E30007B07D /* Products */;
			projectDirPath = "";
			projectRoot = "";
			targets = (
				C800E4B7227792E30007B07D /* testMasterDetail */,
				C800E4CD227792E50007B07D /* testMasterDetailTests */,
			);
		};
/* End PBXProject section */

/* Begin PBXResourcesBuildPhase section */
		C800E4B6227792E30007B07D /* Resources */ = {
			isa = PBXResourcesBuildPhase;
			buildActionMask = 2147483647;
			files = (
				C800E4DF227798E10007B07D /* python in Resources */,
				C800E4C8227792E50007B07D /* LaunchScreen.storyboard in Resources */,
				C800E4C5227792E50007B07D /* Assets.xcassets in Resources */,
				C800E4C3227792E30007B07D /* Main.storyboard in Resources */,
			);
			runOnlyForDeploymentPostprocessing = 0;
		};
		C800E4CC227792E50007B07D /* Resources */ = {
			isa = PBXResourcesBuildPhase;
			buildActionMask = 2147483647;
			files = (
			);
			runOnlyForDeploymentPostprocessing = 0;
		};
/* End PBXResourcesBuildPhase section */

/* Begin PBXSourcesBuildPhase section */
		C800E4B4227792E30007B07D /* Sources */ = {
			isa = PBXSourcesBuildPhase;
			buildActionMask = 2147483647;
			files = (
				C800E4C0227792E30007B07D /* DetailViewController.swift in Sources */,
				C800E4BE227792E30007B07D /* MasterViewController.swift in Sources */,
				C800E4BC227792E30007B07D /* AppDelegate.swift in Sources */,
			);
			runOnlyForDeploymentPostprocessing = 0;
		};
		C800E4CA227792E50007B07D /* Sources */ = {
			isa = PBXSourcesBuildPhase;
			buildActionMask = 2147483647;
			files = (
				C800E4D3227792E50007B07D /* testMasterDetailTests.swift in Sources */,
			);
			runOnlyForDeploymentPostprocessing = 0;
		};
/* End PBXSourcesBuildPhase section */

/* Begin PBXTargetDependency section */
		C800E4D0227792E50007B07D /* PBXTargetDependency */ = {
			isa = PBXTargetDependency;
			target = C800E4B7227792E30007B07D /* testMasterDetail */;
			targetProxy = C800E4CF227792E50007B07D /* PBXContainerItemProxy */;
		};
/* End PBXTargetDependency section */

/* Begin PBXVariantGroup section */
		C800E4C1227792E30007B07D /* Main.storyboard */ = {
			isa = PBXVariantGroup;
			children = (
				C800E4C2227792E30007B07D /* Base */,
			);
			name = Main.storyboard;
			sourceTree = "<group>";
		};
		C800E4C6227792E50007B07D /* LaunchScreen.storyboard */ = {
			isa = PBXVariantGroup;
			children = (
				C800E4C7227792E50007B07D /* Base */,
			);
			name = LaunchScreen.storyboard;
			sourceTree = "<group>";
		};
/* End PBXVariantGroup section */

/* Begin XCBuildConfiguration section */
		C800E4D5227792E50007B07D /* Debug */ = {
			isa = XCBuildConfiguration;
			buildSettings = {
				ALWAYS_SEARCH_USER_PATHS = NO;
				CLANG_ANALYZER_NONNULL = YES;
				CLANG_ANALYZER_NUMBER_OBJECT_CONVERSION = YES_AGGRESSIVE;
				CLANG_CXX_LANGUAGE_STANDARD = "gnu++14";
				CLANG_CXX_LIBRARY = "libc++";
				CLANG_ENABLE_MODULES = YES;
				CLANG_ENABLE_OBJC_ARC = YES;
				CLANG_ENABLE_OBJC_WEAK = YES;
				CLANG_WARN_BLOCK_CAPTURE_AUTORELEASING = YES;
				CLANG_WARN_BOOL_CONVERSION = YES;
				CLANG_WARN_COMMA = YES;
				CLANG_WARN_CONSTANT_CONVERSION = YES;
				CLANG_WARN_DEPRECATED_OBJC_IMPLEMENTATIONS = YES;
				CLANG_WARN_DIRECT_OBJC_ISA_USAGE = YES_ERROR;
				CLANG_WARN_DOCUMENTATION_COMMENTS = YES;
				CLANG_WARN_EMPTY_BODY = YES;
				CLANG_WARN_ENUM_CONVERSION = YES;
				CLANG_WARN_INFINITE_RECURSION = YES;
				CLANG_WARN_INT_CONVERSION = YES;
				CLANG_WARN_NON_LITERAL_NULL_CONVERSION = YES;
				CLANG_WARN_OBJC_IMPLICIT_RETAIN_SELF = YES;
				CLANG_WARN_OBJC_LITERAL_CONVERSION = YES;
				CLANG_WARN_OBJC_ROOT_CLASS = YES_ERROR;
				CLANG_WARN_RANGE_LOOP_ANALYSIS = YES;
				CLANG_WARN_STRICT_PROTOTYPES = YES;
				CLANG_WARN_SUSPICIOUS_MOVE = YES;
				CLANG_WARN_UNGUARDED_AVAILABILITY = YES_AGGRESSIVE;
				CLANG_WARN_UNREACHABLE_CODE = YES;
				CLANG_WARN__DUPLICATE_METHOD_MATCH = YES;
				CODE_SIGN_IDENTITY = "iPhone Developer";
				COPY_PHASE_STRIP = NO;
				DEBUG_INFORMATION_FORMAT = dwarf;
				ENABLE_STRICT_OBJC_MSGSEND = YES;
				ENABLE_TESTABILITY = YES;
				GCC_C_LANGUAGE_STANDARD = gnu11;
				GCC_DYNAMIC_NO_PIC = NO;
				GCC_NO_COMMON_BLOCKS = YES;
				GCC_OPTIMIZATION_LEVEL = 0;
				GCC_PREPROCESSOR_DEFINITIONS = (
					"DEBUG=1",
					"$(inherited)",
				);
				GCC_WARN_64_TO_32_BIT_CONVERSION = YES;
				GCC_WARN_ABOUT_RETURN_TYPE = YES_ERROR;
				GCC_WARN_UNDECLARED_SELECTOR = YES;
				GCC_WARN_UNINITIALIZED_AUTOS = YES_AGGRESSIVE;
				GCC_WARN_UNUSED_FUNCTION = YES;
				GCC_WARN_UNUSED_VARIABLE = YES;
				IPHONEOS_DEPLOYMENT_TARGET = 9.3;
				MTL_ENABLE_DEBUG_INFO = INCLUDE_SOURCE;
				MTL_FAST_MATH = YES;
				ONLY_ACTIVE_ARCH = YES;
				SDKROOT = iphoneos;
				SWIFT_ACTIVE_COMPILATION_CONDITIONS = DEBUG;
				SWIFT_OPTIMIZATION_LEVEL = "-Onone";
			};
			name = Debug;
		};
		C800E4D6227792E50007B07D /* Release */ = {
			isa = XCBuildConfiguration;
			buildSettings = {
				ALWAYS_SEARCH_USER_PATHS = NO;
				CLANG_ANALYZER_NONNULL = YES;
				CLANG_ANALYZER_NUMBER_OBJECT_CONVERSION = YES_AGGRESSIVE;
				CLANG_CXX_LANGUAGE_STANDARD = "gnu++14";
				CLANG_CXX_LIBRARY = "libc++";
				CLANG_ENABLE_MODULES = YES;
				CLANG_ENABLE_OBJC_ARC = YES;
				CLANG_ENABLE_OBJC_WEAK = YES;
				CLANG_WARN_BLOCK_CAPTURE_AUTORELEASING = YES;
				CLANG_WARN_BOOL_CONVERSION = YES;
				CLANG_WARN_COMMA = YES;
				CLANG_WARN_CONSTANT_CONVERSION = YES;
				CLANG_WARN_DEPRECATED_OBJC_IMPLEMENTATIONS = YES;
				CLANG_WARN_DIRECT_OBJC_ISA_USAGE = YES_ERROR;
				CLANG_WARN_DOCUMENTATION_COMMENTS = YES;
				CLANG_WARN_EMPTY_BODY = YES;
				CLANG_WARN_ENUM_CONVERSION = YES;
				CLANG_WARN_INFINITE_RECURSION = YES;
				CLANG_WARN_INT_CONVERSION = YES;
				CLANG_WARN_NON_LITERAL_NULL_CONVERSION = YES;
				CLANG_WARN_OBJC_IMPLICIT_RETAIN_SELF = YES;
				CLANG_WARN_OBJC_LITERAL_CONVERSION = YES;
				CLANG_WARN_OBJC_ROOT_CLASS = YES_ERROR;
				CLANG_WARN_RANGE_LOOP_ANALYSIS = YES;
				CLANG_WARN_STRICT_PROTOTYPES = YES;
				CLANG_WARN_SUSPICIOUS_MOVE = YES;
				CLANG_WARN_UNGUARDED_AVAILABILITY = YES_AGGRESSIVE;
				CLANG_WARN_UNREACHABLE_CODE = YES;
				CLANG_WARN__DUPLICATE_METHOD_MATCH = YES;
				CODE_SIGN_IDENTITY = "iPhone Developer";
				COPY_PHASE_STRIP = NO;
				DEBUG_INFORMATION_FORMAT = "dwarf-with-dsym";
				ENABLE_NS_ASSERTIONS = NO;
				ENABLE_STRICT_OBJC_MSGSEND = YES;
				ENABLE_TESTABILITY = YES;
				GCC_C_LANGUAGE_STANDARD = gnu11;
				GCC_NO_COMMON_BLOCKS = YES;
				GCC_WARN_64_TO_32_BIT_CONVERSION = YES;
				GCC_WARN_ABOUT_RETURN_TYPE = YES_ERROR;
				GCC_WARN_UNDECLARED_SELECTOR = YES;
				GCC_WARN_UNINITIALIZED_AUTOS = YES_AGGRESSIVE;
				GCC_WARN_UNUSED_FUNCTION = YES;
				GCC_WARN_UNUSED_VARIABLE = YES;
				IPHONEOS_DEPLOYMENT_TARGET = 9.3;
				MTL_ENABLE_DEBUG_INFO = NO;
				MTL_FAST_MATH = YES;
				ONLY_ACTIVE_ARCH = YES;
				SDKROOT = iphoneos;
				SWIFT_COMPILATION_MODE = wholemodule;
				SWIFT_OPTIMIZATION_LEVEL = "-O";
				VALIDATE_PRODUCT = YES;
			};
			name = Release;
		};
		C800E4D8227792E50007B07D /* Debug */ = {
			isa = XCBuildConfiguration;
			buildSettings = {
				ASSETCATALOG_COMPILER_APPICON_NAME = AppIcon;
				CODE_SIGN_STYLE = Automatic;
				DEVELOPMENT_TEAM = 55U7FWQJKY;
				INFOPLIST_FILE = testMasterDetail/Info.plist;
				IPHONEOS_DEPLOYMENT_TARGET = 9.3;
				LD_RUNPATH_SEARCH_PATHS = (
					"$(inherited)",
					"@executable_path/Frameworks",
				);
				PRODUCT_BUNDLE_IDENTIFIER = com.test.tapasco.testMasterDetail;
				PRODUCT_NAME = "$(TARGET_NAME)";
				SWIFT_VERSION = 5.0;
				TARGETED_DEVICE_FAMILY = "1,2";
			};
			name = Debug;
		};
		C800E4D9227792E50007B07D /* Release */ = {
			isa = XCBuildConfiguration;
			buildSettings = {
				ASSETCATALOG_COMPILER_APPICON_NAME = AppIcon;
				CODE_SIGN_STYLE = Automatic;
				DEVELOPMENT_TEAM = 55U7FWQJKY;
				INFOPLIST_FILE = testMasterDetail/Info.plist;
				IPHONEOS_DEPLOYMENT_TARGET = 9.3;
				LD_RUNPATH_SEARCH_PATHS = (
					"$(inherited)",
					"@executable_path/Frameworks",
				);
				PRODUCT_BUNDLE_IDENTIFIER = com.test.tapasco.testMasterDetail;
				PRODUCT_NAME = "$(TARGET_NAME)";
				SWIFT_VERSION = 5.0;
				TARGETED_DEVICE_FAMILY = "1,2";
			};
			name = Release;
		};
		C800E4DB227792E50007B07D /* Debug */ = {
			isa = XCBuildConfiguration;
			buildSettings = {
				ALWAYS_EMBED_SWIFT_STANDARD_LIBRARIES = YES;
				BUNDLE_LOADER = "$(TEST_HOST)";
				CODE_SIGN_STYLE = Automatic;
				INFOPLIST_FILE = testMasterDetailTests/Info.plist;
				LD_RUNPATH_SEARCH_PATHS = (
					"$(inherited)",
					"@executable_path/Frameworks",
					"@loader_path/Frameworks",
				);
				PRODUCT_BUNDLE_IDENTIFIER = com.test.tapasco.testMasterDetailTests;
				PRODUCT_NAME = "$(TARGET_NAME)";
				SWIFT_VERSION = 5.0;
				TARGETED_DEVICE_FAMILY = "1,2";
				TEST_HOST = "$(BUILT_PRODUCTS_DIR)/testMasterDetail.app/testMasterDetail";
			};
			name = Debug;
		};
		C800E4DC227792E50007B07D /* Release */ = {
			isa = XCBuildConfiguration;
			buildSettings = {
				ALWAYS_EMBED_SWIFT_STANDARD_LIBRARIES = YES;
				BUNDLE_LOADER = "$(TEST_HOST)";
				CODE_SIGN_STYLE = Automatic;
				INFOPLIST_FILE = testMasterDetailTests/Info.plist;
				LD_RUNPATH_SEARCH_PATHS = (
					"$(inherited)",
					"@executable_path/Frameworks",
					"@loader_path/Frameworks",
				);
				PRODUCT_BUNDLE_IDENTIFIER = com.test.tapasco.testMasterDetailTests;
				PRODUCT_NAME = "$(TARGET_NAME)";
				SWIFT_VERSION = 5.0;
				TARGETED_DEVICE_FAMILY = "1,2";
				TEST_HOST = "$(BUILT_PRODUCTS_DIR)/testMasterDetail.app/testMasterDetail";
			};
			name = Release;
		};
/* End XCBuildConfiguration section */

/* Begin XCConfigurationList section */
		C800E4B3227792E30007B07D /* Build configuration list for PBXProject "testMasterDetail" */ = {
			isa = XCConfigurationList;
			buildConfigurations = (
				C800E4D5227792E50007B07D /* Debug */,
				C800E4D6227792E50007B07D /* Release */,
			);
			defaultConfigurationIsVisible = 0;
			defaultConfigurationName = Release;
		};
		C800E4D7227792E50007B07D /* Build configuration list for PBXNativeTarget "testMasterDetail" */ = {
			isa = XCConfigurationList;
			buildConfigurations = (
				C800E4D8227792E50007B07D /* Debug */,
				C800E4D9227792E50007B07D /* Release */,
			);
			defaultConfigurationIsVisible = 0;
			defaultConfigurationName = Release;
		};
		C800E4DA227792E50007B07D /* Build configuration list for PBXNativeTarget "testMasterDetailTests" */ = {
			isa = XCConfigurationList;
			buildConfigurations = (
				C800E4DB227792E50007B07D /* Debug */,
				C800E4DC227792E50007B07D /* Release */,
			);
			defaultConfigurationIsVisible = 0;
			defaultConfigurationName = Release;
		};
/* End XCConfigurationList section */
	};
	rootObject = C800E4B0227792E30007B07D /* Project object */;
}
